
Microsoft Visual Studio Solution File, Format Version 12.00
# Visual Studio Version 16
VisualStudioVersion = 16.0.35229.62
MinimumVisualStudioVersion = 10.0.40219.1
Project("{FAE04EC0-301F-11D3-BF4B-00C04F79EFBC}") = "Person", "Person\Person.csproj", "{BE75B837-6CA0-4529-A432-43D1E3B3604B}"
EndProject
Project("{2150E333-8FDC-42A3-9474-1A3956D46DE8}") = "upload", "upload", "{8B0E6239-2CE3-4FBA-9F09-C2300B81BE65}"
EndProject
Global
	GlobalSection(SolutionConfigurationPlatforms) = preSolution
		Debug|Any CPU = Debug|Any CPU
		Release|Any CPU = Release|Any CPU
	EndGlobalSection
	GlobalSection(ProjectConfigurationPlatforms) = postSolution
		{BE75B837-6CA0-4529-A432-43D1E3B3604B}.Debug|Any CPU.ActiveCfg = Debug|Any CPU
		{BE75B837-6CA0-4529-A432-43D1E3B3604B}.Debug|Any CPU.Build.0 = Debug|Any CPU
		{BE75B837-6CA0-4529-A432-43D1E3B3604B}.Release|Any CPU.ActiveCfg = Release|Any CPU
		{BE75B837-6CA0-4529-A432-43D1E3B3604B}.Release|Any CPU.Build.0 = Release|Any CPU
	EndGlobalSection
	GlobalSection(SolutionProperties) = preSolution
		HideSolutionNode = FALSE
	EndGlobalSection
	GlobalSection(ExtensibilityGlobals) = postSolution
		SolutionGuid = {B7B362A4-C505-41EE-80A4-211715D621EC}
	EndGlobalSection
EndGlobal
